<?xml version="1.0" encoding="utf-8"?>
<Project ToolsVersion="4.0" xmlns="http://schemas.microsoft.com/developer/msbuild/2003">
  <ItemGroup>
    <Filter Include="Source Files">
      <UniqueIdentifier>{4FC737F1-C7A5-4376-A066-2A32D752A2FF}</UniqueIdentifier>
      <Extensions>cpp;c;cc;cxx;c++;cppm;ixx;def;odl;idl;hpj;bat;asm;asmx</Extensions>
    </Filter>
    <Filter Include="Header Files">
      <UniqueIdentifier>{93995380-89BD-4b04-88EB-625FBE52EBFB}</UniqueIdentifier>
      <Extensions>h;hh;hpp;hxx;h++;hm;inl;inc;ipp;xsd</Extensions>
    </Filter>
    <Filter Include="Resource Files">
      <UniqueIdentifier>{67DA6AB6-F800-4c08-8B7A-83BB121AAD01}</UniqueIdentifier>
      <Extensions>rc;ico;cur;bmp;dlg;rc2;rct;bin;rgs;gif;jpg;jpeg;jpe;resx;tiff;tif;png;wav;mfcribbon-ms</Extensions>
    </Filter>
  </ItemGroup>
  <ItemGroup>
    <ClCompile Include="Salt\Logging\Logging.cpp">
      <Filter>Source Files</Filter>
    </ClCompile>
    <ClCompile Include="Salt\Vendor\glad\src\glad.c">
      <Filter>Source Files</Filter>
    </ClCompile>
    <ClCompile Include="Salt\Vendor\stb_image\stb_image.cpp">
      <Filter>Source Files</Filter>
    </ClCompile>
    <ClCompile Include="SandBox.cpp">
      <Filter>Source Files</Filter>
    </ClCompile>
    <ClCompile Include="Salt\ECS\Entity\Entity.cpp">
      <Filter>Source Files</Filter>
    </ClCompile>
    <ClCompile Include="Salt\ECS\ECS.cpp">
      <Filter>Source Files</Filter>
    </ClCompile>
    <ClCompile Include="Salt\ECS\Component\Field.cpp">
      <Filter>Source Files</Filter>
    </ClCompile>
    <ClCompile Include="Salt\ECS\Entity\EntityPack.cpp">
      <Filter>Source Files</Filter>
    </ClCompile>
    <ClCompile Include="Salt\ECS\System\System.cpp">
      <Filter>Source Files</Filter>
    </ClCompile>
    <ClCompile Include="Salt\ECS\System\SystemPack.cpp">
      <Filter>Source Files</Filter>
    </ClCompile>
    <ClCompile Include="Salt\ECS\Component\ComponentPack.cpp">
      <Filter>Source Files</Filter>
    </ClCompile>
    <ClCompile Include="Salt\ECS\Component\Component.cpp">
      <Filter>Source Files</Filter>
    </ClCompile>
    <ClCompile Include="Salt\Core\Application.cpp">
      <Filter>Source Files</Filter>
    </ClCompile>
    <ClCompile Include="Salt\Renderer\Batch\Batch.cpp">
      <Filter>Source Files</Filter>
    </ClCompile>
    <ClCompile Include="Salt\Renderer\Essentials\IndexBuffer.cpp">
      <Filter>Source Files</Filter>
    </ClCompile>
    <ClCompile Include="Salt\Renderer\Essentials\VertexArray.cpp">
      <Filter>Source Files</Filter>
    </ClCompile>
    <ClCompile Include="Salt\Renderer\Essentials\VertexBuffer.cpp">
      <Filter>Source Files</Filter>
    </ClCompile>
    <ClCompile Include="Salt\Renderer\Renderer.cpp">
      <Filter>Source Files</Filter>
    </ClCompile>
    <ClCompile Include="Salt\Renderer\FontManager\FontManager.cpp">
      <Filter>Source Files</Filter>
    </ClCompile>
  </ItemGroup>
  <ItemGroup>
    <ClInclude Include="Salt\Salt.h">
      <Filter>Header Files</Filter>
    </ClInclude>
    <ClInclude Include="Salt\Logging\Logging.h">
      <Filter>Header Files</Filter>
    </ClInclude>
    <ClInclude Include="Salt\Vendor\glad\include\KHR\khrplatform.h">
      <Filter>Header Files</Filter>
    </ClInclude>
    <ClInclude Include="Salt\Vendor\glad\include\glad\glad.h">
      <Filter>Header Files</Filter>
    </ClInclude>
    <ClInclude Include="Salt\Vendor\GLFW\include\GLFW\glfw3.h">
      <Filter>Header Files</Filter>
    </ClInclude>
    <ClInclude Include="Salt\Vendor\GLFW\include\GLFW\glfw3native.h">
      <Filter>Header Files</Filter>
    </ClInclude>
    <ClInclude Include="Salt\Vendor\stb_image\stb_image.h">
      <Filter>Header Files</Filter>
    </ClInclude>
    <ClInclude Include="Salt\Core\Core.h">
      <Filter>Header Files</Filter>
    </ClInclude>
    <ClInclude Include="Salt\Core\Application.h">
      <Filter>Header Files</Filter>
    </ClInclude>
    <ClInclude Include="Salt\Core\EntryPoint.h">
      <Filter>Header Files</Filter>
    </ClInclude>
    <ClInclude Include="Salt\Core\Clock.h">
      <Filter>Header Files</Filter>
    </ClInclude>
    <ClInclude Include="Salt\Input\Keycodes.h">
      <Filter>Header Files</Filter>
    </ClInclude>
    <ClInclude Include="Salt\Core\Window.h">
      <Filter>Header Files</Filter>
    </ClInclude>
    <ClInclude Include="Salt\Input\Input.h">
      <Filter>Header Files</Filter>
    </ClInclude>
    <ClInclude Include="Salt\Input\Mousecodes.h">
      <Filter>Header Files</Filter>
    </ClInclude>
    <ClInclude Include="Salt\ECS\Component\Field.h">
      <Filter>Header Files</Filter>
    </ClInclude>
    <ClInclude Include="Salt\ECS\Component\Component.h">
      <Filter>Header Files</Filter>
    </ClInclude>
    <ClInclude Include="Salt\ECS\ECS.h">
      <Filter>Header Files</Filter>
    </ClInclude>
    <ClInclude Include="Salt\ECS\System\System.h">
      <Filter>Header Files</Filter>
    </ClInclude>
    <ClInclude Include="Salt\ECS\Component\ComponentPack.h">
      <Filter>Header Files</Filter>
    </ClInclude>
    <ClInclude Include="Salt\ECS\System\SystemPack.h">
      <Filter>Header Files</Filter>
    </ClInclude>
    <ClInclude Include="Salt\ECS\ECS_params.h">
      <Filter>Header Files</Filter>
    </ClInclude>
    <ClInclude Include="Salt\ECS\Entity\Entity.h">
      <Filter>Header Files</Filter>
    </ClInclude>
    <ClInclude Include="TestSystem.h">
      <Filter>Header Files</Filter>
    </ClInclude>
    <ClInclude Include="Salt\ECS\Entity\EntityPack.h">
      <Filter>Header Files</Filter>
    </ClInclude>
    <ClInclude Include="Salt\ECS\_Containers\NameID_Container.h">
      <Filter>Header Files</Filter>
    </ClInclude>
    <ClInclude Include="Salt\ECS\_Containers\Pack_Container.h">
      <Filter>Header Files</Filter>
    </ClInclude>
    <ClInclude Include="Salt\DataTypes\DataTypes.h">
      <Filter>Header Files</Filter>
    </ClInclude>
    <ClInclude Include="Salt\DataTypes\NameID_Container.h">
      <Filter>Header Files</Filter>
    </ClInclude>
    <ClInclude Include="Salt\DataTypes\Pack_Container.h">
      <Filter>Header Files</Filter>
    </ClInclude>
    <ClInclude Include="Salt\Renderer\Batch\Batch.h">
      <Filter>Header Files</Filter>
    </ClInclude>
    <ClInclude Include="Salt\Renderer\Batch\Quad.h">
      <Filter>Header Files</Filter>
    </ClInclude>
    <ClInclude Include="Salt\Renderer\Essentials\Essentials.h">
      <Filter>Header Files</Filter>
    </ClInclude>
    <ClInclude Include="Salt\Renderer\Essentials\IndexBuffer.h">
      <Filter>Header Files</Filter>
    </ClInclude>
    <ClInclude Include="Salt\Renderer\Essentials\Shader.h">
      <Filter>Header Files</Filter>
    </ClInclude>
    <ClInclude Include="Salt\Renderer\Essentials\Vertex.h">
      <Filter>Header Files</Filter>
    </ClInclude>
    <ClInclude Include="Salt\Renderer\Essentials\VertexArray.h">
      <Filter>Header Files</Filter>
    </ClInclude>
    <ClInclude Include="Salt\Renderer\Essentials\VertexBuffer.h">
      <Filter>Header Files</Filter>
    </ClInclude>
    <ClInclude Include="Salt\Renderer\TextureManager\TextureManager.h">
      <Filter>Header Files</Filter>
    </ClInclude>
    <ClInclude Include="Salt\Renderer\Renderer.h">
      <Filter>Header Files</Filter>
    </ClInclude>
    <ClInclude Include="Salt\Renderer\Color\Color.h">
      <Filter>Header Files</Filter>
    </ClInclude>
    <ClInclude Include="Salt\Renderer\FontManager\FontManager.h">
      <Filter>Header Files</Filter>
    </ClInclude>
  </ItemGroup>
  <ItemGroup>
    <None Include="Salt\Vendor\GLFW\lib\glfw3.dll" />
    <None Include="Salt\res\shaders\batch.vs" />
    <None Include="Salt\res\shaders\batch.fs" />
    <None Include="Salt\doc.md" />
  </ItemGroup>
  <ItemGroup>
    <Library Include="Salt\Vendor\GLFW\lib\glfw3.lib" />
    <Library Include="Salt\Vendor\GLFW\lib\glfw3_mt.lib" />
    <Library Include="Salt\Vendor\GLFW\lib\glfw3dll.lib" />
  </ItemGroup>
  <ItemGroup>
    <Image Include="Salt\res\fonts\gohufont\gohufont.png">
      <Filter>Resource Files</Filter>
    </Image>
  </ItemGroup>
  <ItemGroup>
    <Text Include="Salt\res\fonts\gohufont\gohufont.txt" />
  </ItemGroup>
</Project>